
Microsoft Visual Studio Solution File, Format Version 12.00
# Visual Studio Version 17
VisualStudioVersion = 17.2.32519.379
MinimumVisualStudioVersion = 10.0.40219.1
Project("{FAE04EC0-301F-11D3-BF4B-00C04F79EFBC}") = "Day16_17algorithmProgram", "Day16_17algorithmProgram\Day16_17algorithmProgram.csproj", "{47B414EE-7754-4524-A76F-EB87418F4FB3}"
EndProject
Global
	GlobalSection(SolutionConfigurationPlatforms) = preSolution
		Debug|Any CPU = Debug|Any CPU
		Release|Any CPU = Release|Any CPU
	EndGlobalSection
	GlobalSection(ProjectConfigurationPlatforms) = postSolution
		{47B414EE-7754-4524-A76F-EB87418F4FB3}.Debug|Any CPU.ActiveCfg = Debug|Any CPU
		{47B414EE-7754-4524-A76F-EB87418F4FB3}.Debug|Any CPU.Build.0 = Debug|Any CPU
		{47B414EE-7754-4524-A76F-EB87418F4FB3}.Release|Any CPU.ActiveCfg = Release|Any CPU
		{47B414EE-7754-4524-A76F-EB87418F4FB3}.Release|Any CPU.Build.0 = Release|Any CPU
	EndGlobalSection
	GlobalSection(SolutionProperties) = preSolution
		HideSolutionNode = FALSE
	EndGlobalSection
	GlobalSection(ExtensibilityGlobals) = postSolution
		SolutionGuid = {EFDC27D5-5BED-404E-856D-DEE2A0A4223F}
	EndGlobalSection
EndGlobal
